{
  "version": 4,
  "terraform_version": "1.3.9",
  "serial": 23,
  "lineage": "1a4b44b3-0547-2498-c161-fd6eb9edbdf5",
  "outputs": {},
  "resources": [
    {
      "mode": "managed",
      "type": "aws_dynamodb_table",
      "name": "my_table",
      "provider": "provider[\"registry.terraform.io/hashicorp/aws\"]",
      "instances": [
        {
          "schema_version": 1,
          "attributes": {
            "arn": "arn:aws:dynamodb:us-east-1:919903227545:table/demo-table",
            "attribute": [
              {
                "name": "ID",
                "type": "S"
              }
            ],
            "billing_mode": "PROVISIONED",
            "global_secondary_index": [],
            "hash_key": "ID",
            "id": "demo-table",
            "local_secondary_index": [],
            "name": "demo-table",
            "point_in_time_recovery": [
              {
                "enabled": false
              }
            ],
            "range_key": null,
            "read_capacity": 10,
            "replica": [],
            "restore_date_time": null,
            "restore_source_name": null,
            "restore_to_latest_time": null,
            "server_side_encryption": [],
            "stream_arn": "",
            "stream_enabled": false,
            "stream_label": "",
            "stream_view_type": "",
            "table_class": "",
            "tags": {
              "environment": "dev"
            },
            "tags_all": {
              "environment": "dev"
            },
            "timeouts": null,
            "ttl": [
              {
                "attribute_name": "",
                "enabled": false
              }
            ],
            "write_capacity": 10
          },
          "sensitive_attributes": [],
          "private": "eyJlMmJmYjczMC1lY2FhLTExZTYtOGY4OC0zNDM2M2JjN2M0YzAiOnsiY3JlYXRlIjoxODAwMDAwMDAwMDAwLCJkZWxldGUiOjYwMDAwMDAwMDAwMCwidXBkYXRlIjozNjAwMDAwMDAwMDAwfSwic2NoZW1hX3ZlcnNpb24iOiIxIn0="
        }
      ]
    },
    {
      "mode": "managed",
      "type": "aws_dynamodb_table_item",
      "name": "dynamodb_schema_table_item",
      "provider": "provider[\"registry.terraform.io/hashicorp/aws\"]",
      "instances": [
        {
          "index_key": "Item1",
          "schema_version": 0,
          "attributes": {
            "hash_key": "ID",
            "id": "demo-table|ID||1|",
            "item": "{\"Age\":{\"S\":\"30\"},\"ID\":{\"S\":\"1\"},\"Name\":{\"S\":\"Ali\"}}",
            "range_key": null,
            "table_name": "demo-table"
          },
          "sensitive_attributes": [],
          "private": "bnVsbA==",
          "dependencies": [
            "aws_dynamodb_table.my_table"
          ]
        },
        {
          "index_key": "Item2",
          "schema_version": 0,
          "attributes": {
            "hash_key": "ID",
            "id": "demo-table|ID||2|",
            "item": "{\"Age\":{\"S\":\"20\"},\"ID\":{\"S\":\"2\"},\"Name\":{\"S\":\"Sara\"}}",
            "range_key": null,
            "table_name": "demo-table"
          },
          "sensitive_attributes": [],
          "private": "bnVsbA==",
          "dependencies": [
            "aws_dynamodb_table.my_table"
          ]
        }
      ]
    }
  ],
  "check_results": null
}
